
Microsoft Visual Studio Solution File, Format Version 12.00
# Visual Studio Version 17
VisualStudioVersion = 17.5.33516.290
MinimumVisualStudioVersion = 10.0.40219.1
Project("{FAE04EC0-301F-11D3-BF4B-00C04F79EFBC}") = "SupremeFightClubApp.Android", "SupremeFightClubApp\SupremeFightClubApp.Android\SupremeFightClubApp.Android.csproj", "{CE13D7BB-177D-4158-B9FB-00A8C464A3BC}"
EndProject
Project("{FAE04EC0-301F-11D3-BF4B-00C04F79EFBC}") = "SupremeFightClubApp.iOS", "SupremeFightClubApp\SupremeFightClubApp.iOS\SupremeFightClubApp.iOS.csproj", "{6C7625FD-A3E7-4993-933C-6D6D8CF9D4E0}"
EndProject
Project("{FAE04EC0-301F-11D3-BF4B-00C04F79EFBC}") = "SupremeFightClubApp", "SupremeFightClubApp\SupremeFightClubApp\SupremeFightClubApp.csproj", "{5D6524FB-41ED-4EA8-977F-A06BC3327801}"
EndProject
Global
	GlobalSection(SolutionConfigurationPlatforms) = preSolution
		Debug|Any CPU = Debug|Any CPU
		Debug|iPhone = Debug|iPhone
		Debug|iPhoneSimulator = Debug|iPhoneSimulator
		Release|Any CPU = Release|Any CPU
		Release|iPhone = Release|iPhone
		Release|iPhoneSimulator = Release|iPhoneSimulator
	EndGlobalSection
	GlobalSection(ProjectConfigurationPlatforms) = postSolution
		{CE13D7BB-177D-4158-B9FB-00A8C464A3BC}.Debug|Any CPU.ActiveCfg = Debug|Any CPU
		{CE13D7BB-177D-4158-B9FB-00A8C464A3BC}.Debug|Any CPU.Build.0 = Debug|Any CPU
		{CE13D7BB-177D-4158-B9FB-00A8C464A3BC}.Debug|Any CPU.Deploy.0 = Debug|Any CPU
		{CE13D7BB-177D-4158-B9FB-00A8C464A3BC}.Debug|iPhone.ActiveCfg = Debug|Any CPU
		{CE13D7BB-177D-4158-B9FB-00A8C464A3BC}.Debug|iPhone.Build.0 = Debug|Any CPU
		{CE13D7BB-177D-4158-B9FB-00A8C464A3BC}.Debug|iPhone.Deploy.0 = Debug|Any CPU
		{CE13D7BB-177D-4158-B9FB-00A8C464A3BC}.Debug|iPhoneSimulator.ActiveCfg = Debug|Any CPU
		{CE13D7BB-177D-4158-B9FB-00A8C464A3BC}.Debug|iPhoneSimulator.Build.0 = Debug|Any CPU
		{CE13D7BB-177D-4158-B9FB-00A8C464A3BC}.Debug|iPhoneSimulator.Deploy.0 = Debug|Any CPU
		{CE13D7BB-177D-4158-B9FB-00A8C464A3BC}.Release|Any CPU.ActiveCfg = Release|Any CPU
		{CE13D7BB-177D-4158-B9FB-00A8C464A3BC}.Release|Any CPU.Build.0 = Release|Any CPU
		{CE13D7BB-177D-4158-B9FB-00A8C464A3BC}.Release|Any CPU.Deploy.0 = Release|Any CPU
		{CE13D7BB-177D-4158-B9FB-00A8C464A3BC}.Release|iPhone.ActiveCfg = Release|Any CPU
		{CE13D7BB-177D-4158-B9FB-00A8C464A3BC}.Release|iPhone.Build.0 = Release|Any CPU
		{CE13D7BB-177D-4158-B9FB-00A8C464A3BC}.Release|iPhone.Deploy.0 = Release|Any CPU
		{CE13D7BB-177D-4158-B9FB-00A8C464A3BC}.Release|iPhoneSimulator.ActiveCfg = Release|Any CPU
		{CE13D7BB-177D-4158-B9FB-00A8C464A3BC}.Release|iPhoneSimulator.Build.0 = Release|Any CPU
		{CE13D7BB-177D-4158-B9FB-00A8C464A3BC}.Release|iPhoneSimulator.Deploy.0 = Release|Any CPU
		{6C7625FD-A3E7-4993-933C-6D6D8CF9D4E0}.Debug|Any CPU.ActiveCfg = Debug|iPhone
		{6C7625FD-A3E7-4993-933C-6D6D8CF9D4E0}.Debug|Any CPU.Build.0 = Debug|iPhone
		{6C7625FD-A3E7-4993-933C-6D6D8CF9D4E0}.Debug|Any CPU.Deploy.0 = Debug|iPhone
		{6C7625FD-A3E7-4993-933C-6D6D8CF9D4E0}.Debug|iPhone.ActiveCfg = Debug|iPhone
		{6C7625FD-A3E7-4993-933C-6D6D8CF9D4E0}.Debug|iPhone.Build.0 = Debug|iPhone
		{6C7625FD-A3E7-4993-933C-6D6D8CF9D4E0}.Debug|iPhone.Deploy.0 = Debug|iPhone
		{6C7625FD-A3E7-4993-933C-6D6D8CF9D4E0}.Debug|iPhoneSimulator.ActiveCfg = Debug|iPhoneSimulator
		{6C7625FD-A3E7-4993-933C-6D6D8CF9D4E0}.Debug|iPhoneSimulator.Build.0 = Debug|iPhoneSimulator
		{6C7625FD-A3E7-4993-933C-6D6D8CF9D4E0}.Debug|iPhoneSimulator.Deploy.0 = Debug|iPhoneSimulator
		{6C7625FD-A3E7-4993-933C-6D6D8CF9D4E0}.Release|Any CPU.ActiveCfg = Release|iPhoneSimulator
		{6C7625FD-A3E7-4993-933C-6D6D8CF9D4E0}.Release|Any CPU.Build.0 = Release|iPhoneSimulator
		{6C7625FD-A3E7-4993-933C-6D6D8CF9D4E0}.Release|Any CPU.Deploy.0 = Release|iPhoneSimulator
		{6C7625FD-A3E7-4993-933C-6D6D8CF9D4E0}.Release|iPhone.ActiveCfg = Release|iPhone
		{6C7625FD-A3E7-4993-933C-6D6D8CF9D4E0}.Release|iPhone.Build.0 = Release|iPhone
		{6C7625FD-A3E7-4993-933C-6D6D8CF9D4E0}.Release|iPhone.Deploy.0 = Release|iPhone
		{6C7625FD-A3E7-4993-933C-6D6D8CF9D4E0}.Release|iPhoneSimulator.ActiveCfg = Release|iPhoneSimulator
		{6C7625FD-A3E7-4993-933C-6D6D8CF9D4E0}.Release|iPhoneSimulator.Build.0 = Release|iPhoneSimulator
		{6C7625FD-A3E7-4993-933C-6D6D8CF9D4E0}.Release|iPhoneSimulator.Deploy.0 = Release|iPhoneSimulator
		{5D6524FB-41ED-4EA8-977F-A06BC3327801}.Debug|Any CPU.ActiveCfg = Debug|Any CPU
		{5D6524FB-41ED-4EA8-977F-A06BC3327801}.Debug|Any CPU.Build.0 = Debug|Any CPU
		{5D6524FB-41ED-4EA8-977F-A06BC3327801}.Debug|Any CPU.Deploy.0 = Debug|Any CPU
		{5D6524FB-41ED-4EA8-977F-A06BC3327801}.Debug|iPhone.ActiveCfg = Debug|Any CPU
		{5D6524FB-41ED-4EA8-977F-A06BC3327801}.Debug|iPhone.Build.0 = Debug|Any CPU
		{5D6524FB-41ED-4EA8-977F-A06BC3327801}.Debug|iPhone.Deploy.0 = Debug|Any CPU
		{5D6524FB-41ED-4EA8-977F-A06BC3327801}.Debug|iPhoneSimulator.ActiveCfg = Debug|Any CPU
		{5D6524FB-41ED-4EA8-977F-A06BC3327801}.Debug|iPhoneSimulator.Build.0 = Debug|Any CPU
		{5D6524FB-41ED-4EA8-977F-A06BC3327801}.Debug|iPhoneSimulator.Deploy.0 = Debug|Any CPU
		{5D6524FB-41ED-4EA8-977F-A06BC3327801}.Release|Any CPU.ActiveCfg = Release|Any CPU
		{5D6524FB-41ED-4EA8-977F-A06BC3327801}.Release|Any CPU.Build.0 = Release|Any CPU
		{5D6524FB-41ED-4EA8-977F-A06BC3327801}.Release|Any CPU.Deploy.0 = Release|Any CPU
		{5D6524FB-41ED-4EA8-977F-A06BC3327801}.Release|iPhone.ActiveCfg = Release|Any CPU
		{5D6524FB-41ED-4EA8-977F-A06BC3327801}.Release|iPhone.Build.0 = Release|Any CPU
		{5D6524FB-41ED-4EA8-977F-A06BC3327801}.Release|iPhone.Deploy.0 = Release|Any CPU
		{5D6524FB-41ED-4EA8-977F-A06BC3327801}.Release|iPhoneSimulator.ActiveCfg = Release|Any CPU
		{5D6524FB-41ED-4EA8-977F-A06BC3327801}.Release|iPhoneSimulator.Build.0 = Release|Any CPU
		{5D6524FB-41ED-4EA8-977F-A06BC3327801}.Release|iPhoneSimulator.Deploy.0 = Release|Any CPU
	EndGlobalSection
	GlobalSection(SolutionProperties) = preSolution
		HideSolutionNode = FALSE
	EndGlobalSection
	GlobalSection(ExtensibilityGlobals) = postSolution
		SolutionGuid = {76E69234-F2AE-460F-8867-B2108BC9F22B}
	EndGlobalSection
EndGlobal
